// !$*UTF8*$!
{
	archiveVersion = 1;
	classes = {
	};
	objectVersion = 56;
	objects = {

/* Begin PBXBuildFile section */
		374DC50829DA0AB5003A6DB9 /* ListComponentView.swift in Sources */ = {isa = PBXBuildFile; fileRef = 374DC50729DA0AB5003A6DB9 /* ListComponentView.swift */; };
		374DC50C29DA0D9C003A6DB9 /* GridComponentView.swift in Sources */ = {isa = PBXBuildFile; fileRef = 374DC50B29DA0D9C003A6DB9 /* GridComponentView.swift */; };
		37B5B31629BD1D9D002AC80F /* SwiftUiComponentDemoApp.swift in Sources */ = {isa = PBXBuildFile; fileRef = 37B5B31529BD1D9D002AC80F /* SwiftUiComponentDemoApp.swift */; };
		37B5B31829BD1D9D002AC80F /* ContentView.swift in Sources */ = {isa = PBXBuildFile; fileRef = 37B5B31729BD1D9D002AC80F /* ContentView.swift */; };
		37B5B31A29BD1D9E002AC80F /* Assets.xcassets in Resources */ = {isa = PBXBuildFile; fileRef = 37B5B31929BD1D9E002AC80F /* Assets.xcassets */; };
		37B5B31D29BD1D9E002AC80F /* Preview Assets.xcassets in Resources */ = {isa = PBXBuildFile; fileRef = 37B5B31C29BD1D9E002AC80F /* Preview Assets.xcassets */; };
		37B5B32629BD1F3F002AC80F /* TextComponentView.swift in Sources */ = {isa = PBXBuildFile; fileRef = 37B5B32529BD1F3F002AC80F /* TextComponentView.swift */; };
		37B5B32929BD24A7002AC80F /* VStackView.swift in Sources */ = {isa = PBXBuildFile; fileRef = 37B5B32829BD24A7002AC80F /* VStackView.swift */; };
		37B5B32B29BE6A95002AC80F /* StackComponentView.swift in Sources */ = {isa = PBXBuildFile; fileRef = 37B5B32A29BE6A95002AC80F /* StackComponentView.swift */; };
		37B5B32F29BE6C2B002AC80F /* HStackView.swift in Sources */ = {isa = PBXBuildFile; fileRef = 37B5B32E29BE6C2B002AC80F /* HStackView.swift */; };
		37B5B33129BE6C4E002AC80F /* ZStackView.swift in Sources */ = {isa = PBXBuildFile; fileRef = 37B5B33029BE6C4E002AC80F /* ZStackView.swift */; };
/* End PBXBuildFile section */

/* Begin PBXFileReference section */
		374DC50729DA0AB5003A6DB9 /* ListComponentView.swift */ = {isa = PBXFileReference; lastKnownFileType = sourcecode.swift; path = ListComponentView.swift; sourceTree = "<group>"; };
		374DC50B29DA0D9C003A6DB9 /* GridComponentView.swift */ = {isa = PBXFileReference; lastKnownFileType = sourcecode.swift; path = GridComponentView.swift; sourceTree = "<group>"; };
		37B5B31229BD1D9D002AC80F /* SwiftUiComponentDemo.app */ = {isa = PBXFileReference; explicitFileType = wrapper.application; includeInIndex = 0; path = SwiftUiComponentDemo.app; sourceTree = BUILT_PRODUCTS_DIR; };
		37B5B31529BD1D9D002AC80F /* SwiftUiComponentDemoApp.swift */ = {isa = PBXFileReference; lastKnownFileType = sourcecode.swift; path = SwiftUiComponentDemoApp.swift; sourceTree = "<group>"; };
		37B5B31729BD1D9D002AC80F /* ContentView.swift */ = {isa = PBXFileReference; lastKnownFileType = sourcecode.swift; path = ContentView.swift; sourceTree = "<group>"; };
		37B5B31929BD1D9E002AC80F /* Assets.xcassets */ = {isa = PBXFileReference; lastKnownFileType = folder.assetcatalog; path = Assets.xcassets; sourceTree = "<group>"; };
		37B5B31C29BD1D9E002AC80F /* Preview Assets.xcassets */ = {isa = PBXFileReference; lastKnownFileType = folder.assetcatalog; path = "Preview Assets.xcassets"; sourceTree = "<group>"; };
		37B5B32529BD1F3F002AC80F /* TextComponentView.swift */ = {isa = PBXFileReference; lastKnownFileType = sourcecode.swift; path = TextComponentView.swift; sourceTree = "<group>"; };
		37B5B32829BD24A7002AC80F /* VStackView.swift */ = {isa = PBXFileReference; lastKnownFileType = sourcecode.swift; path = VStackView.swift; sourceTree = "<group>"; };
		37B5B32A29BE6A95002AC80F /* StackComponentView.swift */ = {isa = PBXFileReference; lastKnownFileType = sourcecode.swift; path = StackComponentView.swift; sourceTree = "<group>"; };
		37B5B32E29BE6C2B002AC80F /* HStackView.swift */ = {isa = PBXFileReference; lastKnownFileType = sourcecode.swift; path = HStackView.swift; sourceTree = "<group>"; };
		37B5B33029BE6C4E002AC80F /* ZStackView.swift */ = {isa = PBXFileReference; lastKnownFileType = sourcecode.swift; path = ZStackView.swift; sourceTree = "<group>"; };
/* End PBXFileReference section */

/* Begin PBXFrameworksBuildPhase section */
		37B5B30F29BD1D9D002AC80F /* Frameworks */ = {
			isa = PBXFrameworksBuildPhase;
			buildActionMask = 2147483647;
			files = (
			);
			runOnlyForDeploymentPostprocessing = 0;
		};
/* End PBXFrameworksBuildPhase section */

/* Begin PBXGroup section */
		374DC50929DA0ABB003A6DB9 /* ListComponentView */ = {
			isa = PBXGroup;
			children = (
				374DC50729DA0AB5003A6DB9 /* ListComponentView.swift */,
			);
			path = ListComponentView;
			sourceTree = "<group>";
		};
		374DC50A29DA0D88003A6DB9 /* Grid */ = {
			isa = PBXGroup;
			children = (
				374DC50B29DA0D9C003A6DB9 /* GridComponentView.swift */,
			);
			path = Grid;
			sourceTree = "<group>";
		};
		37B5B30929BD1D9D002AC80F = {
			isa = PBXGroup;
			children = (
				37B5B31429BD1D9D002AC80F /* SwiftUiComponentDemo */,
				37B5B31329BD1D9D002AC80F /* Products */,
			);
			sourceTree = "<group>";
		};
		37B5B31329BD1D9D002AC80F /* Products */ = {
			isa = PBXGroup;
			children = (
				37B5B31229BD1D9D002AC80F /* SwiftUiComponentDemo.app */,
			);
			name = Products;
			sourceTree = "<group>";
		};
		37B5B31429BD1D9D002AC80F /* SwiftUiComponentDemo */ = {
			isa = PBXGroup;
			children = (
				37B5B32329BD1F22002AC80F /* View */,
				37B5B31529BD1D9D002AC80F /* SwiftUiComponentDemoApp.swift */,
				37B5B31729BD1D9D002AC80F /* ContentView.swift */,
				37B5B31929BD1D9E002AC80F /* Assets.xcassets */,
				37B5B31B29BD1D9E002AC80F /* Preview Content */,
			);
			path = SwiftUiComponentDemo;
			sourceTree = "<group>";
		};
		37B5B31B29BD1D9E002AC80F /* Preview Content */ = {
			isa = PBXGroup;
			children = (
				37B5B31C29BD1D9E002AC80F /* Preview Assets.xcassets */,
			);
			path = "Preview Content";
			sourceTree = "<group>";
		};
		37B5B32329BD1F22002AC80F /* View */ = {
			isa = PBXGroup;
			children = (
				374DC50A29DA0D88003A6DB9 /* Grid */,
				37B5B32729BD2496002AC80F /* Stack */,
				37B5B32429BD1F29002AC80F /* TextComponentView */,
				374DC50929DA0ABB003A6DB9 /* ListComponentView */,
			);
			path = View;
			sourceTree = "<group>";
		};
		37B5B32429BD1F29002AC80F /* TextComponentView */ = {
			isa = PBXGroup;
			children = (
				37B5B32529BD1F3F002AC80F /* TextComponentView.swift */,
			);
			path = TextComponentView;
			sourceTree = "<group>";
		};
		37B5B32729BD2496002AC80F /* Stack */ = {
			isa = PBXGroup;
			children = (
				37B5B32829BD24A7002AC80F /* VStackView.swift */,
				37B5B32A29BE6A95002AC80F /* StackComponentView.swift */,
				37B5B32E29BE6C2B002AC80F /* HStackView.swift */,
				37B5B33029BE6C4E002AC80F /* ZStackView.swift */,
			);
			path = Stack;
			sourceTree = "<group>";
		};
/* End PBXGroup section */

/* Begin PBXNativeTarget section */
		37B5B31129BD1D9D002AC80F /* SwiftUiComponentDemo */ = {
			isa = PBXNativeTarget;
			buildConfigurationList = 37B5B32029BD1D9E002AC80F /* Build configuration list for PBXNativeTarget "SwiftUiComponentDemo" */;
			buildPhases = (
				37B5B30E29BD1D9D002AC80F /* Sources */,
				37B5B30F29BD1D9D002AC80F /* Frameworks */,
				37B5B31029BD1D9D002AC80F /* Resources */,
			);
			buildRules = (
			);
			dependencies = (
			);
			name = SwiftUiComponentDemo;
			productName = SwiftUiComponentDemo;
			productReference = 37B5B31229BD1D9D002AC80F /* SwiftUiComponentDemo.app */;
			productType = "com.apple.product-type.application";
		};
/* End PBXNativeTarget section */

/* Begin PBXProject section */
		37B5B30A29BD1D9D002AC80F /* Project object */ = {
			isa = PBXProject;
			attributes = {
				BuildIndependentTargetsInParallel = 1;
				LastSwiftUpdateCheck = 1420;
				LastUpgradeCheck = 1420;
				TargetAttributes = {
					37B5B31129BD1D9D002AC80F = {
						CreatedOnToolsVersion = 14.2;
					};
				};
			};
			buildConfigurationList = 37B5B30D29BD1D9D002AC80F /* Build configuration list for PBXProject "SwiftUiComponentDemo" */;
			compatibilityVersion = "Xcode 14.0";
			developmentRegion = en;
			hasScannedForEncodings = 0;
			knownRegions = (
				en,
				Base,
			);
			mainGroup = 37B5B30929BD1D9D002AC80F;
			productRefGroup = 37B5B31329BD1D9D002AC80F /* Products */;
			projectDirPath = "";
			projectRoot = "";
			targets = (
				37B5B31129BD1D9D002AC80F /* SwiftUiComponentDemo */,
			);
		};
/* End PBXProject section */

/* Begin PBXResourcesBuildPhase section */
		37B5B31029BD1D9D002AC80F /* Resources */ = {
			isa = PBXResourcesBuildPhase;
			buildActionMask = 2147483647;
			files = (
				37B5B31D29BD1D9E002AC80F /* Preview Assets.xcassets in Resources */,
				37B5B31A29BD1D9E002AC80F /* Assets.xcassets in Resources */,
			);
			runOnlyForDeploymentPostprocessing = 0;
		};
/* End PBXResourcesBuildPhase section */

/* Begin PBXSourcesBuildPhase section */
		37B5B30E29BD1D9D002AC80F /* Sources */ = {
			isa = PBXSourcesBuildPhase;
			buildActionMask = 2147483647;
			files = (
				37B5B31829BD1D9D002AC80F /* ContentView.swift in Sources */,
				37B5B33129BE6C4E002AC80F /* ZStackView.swift in Sources */,
				37B5B32B29BE6A95002AC80F /* StackComponentView.swift in Sources */,
				374DC50C29DA0D9C003A6DB9 /* GridComponentView.swift in Sources */,
				37B5B31629BD1D9D002AC80F /* SwiftUiComponentDemoApp.swift in Sources */,
				374DC50829DA0AB5003A6DB9 /* ListComponentView.swift in Sources */,
				37B5B32929BD24A7002AC80F /* VStackView.swift in Sources */,
				37B5B32F29BE6C2B002AC80F /* HStackView.swift in Sources */,
				37B5B32629BD1F3F002AC80F /* TextComponentView.swift in Sources */,
			);
			runOnlyForDeploymentPostprocessing = 0;
		};
/* End PBXSourcesBuildPhase section */

/* Begin XCBuildConfiguration section */
		37B5B31E29BD1D9E002AC80F /* Debug */ = {
			isa = XCBuildConfiguration;
			buildSettings = {
				ALWAYS_SEARCH_USER_PATHS = NO;
				CLANG_ANALYZER_NONNULL = YES;
				CLANG_ANALYZER_NUMBER_OBJECT_CONVERSION = YES_AGGRESSIVE;
				CLANG_CXX_LANGUAGE_STANDARD = "gnu++20";
				CLANG_ENABLE_MODULES = YES;
				CLANG_ENABLE_OBJC_ARC = YES;
				CLANG_ENABLE_OBJC_WEAK = YES;
				CLANG_WARN_BLOCK_CAPTURE_AUTORELEASING = YES;
				CLANG_WARN_BOOL_CONVERSION = YES;
				CLANG_WARN_COMMA = YES;
				CLANG_WARN_CONSTANT_CONVERSION = YES;
				CLANG_WARN_DEPRECATED_OBJC_IMPLEMENTATIONS = YES;
				CLANG_WARN_DIRECT_OBJC_ISA_USAGE = YES_ERROR;
				CLANG_WARN_DOCUMENTATION_COMMENTS = YES;
				CLANG_WARN_EMPTY_BODY = YES;
				CLANG_WARN_ENUM_CONVERSION = YES;
				CLANG_WARN_INFINITE_RECURSION = YES;
				CLANG_WARN_INT_CONVERSION = YES;
				CLANG_WARN_NON_LITERAL_NULL_CONVERSION = YES;
				CLANG_WARN_OBJC_IMPLICIT_RETAIN_SELF = YES;
				CLANG_WARN_OBJC_LITERAL_CONVERSION = YES;
				CLANG_WARN_OBJC_ROOT_CLASS = YES_ERROR;
				CLANG_WARN_QUOTED_INCLUDE_IN_FRAMEWORK_HEADER = YES;
				CLANG_WARN_RANGE_LOOP_ANALYSIS = YES;
				CLANG_WARN_STRICT_PROTOTYPES = YES;
				CLANG_WARN_SUSPICIOUS_MOVE = YES;
				CLANG_WARN_UNGUARDED_AVAILABILITY = YES_AGGRESSIVE;
				CLANG_WARN_UNREACHABLE_CODE = YES;
				CLANG_WARN__DUPLICATE_METHOD_MATCH = YES;
				COPY_PHASE_STRIP = NO;
				DEBUG_INFORMATION_FORMAT = dwarf;
				ENABLE_STRICT_OBJC_MSGSEND = YES;
				ENABLE_TESTABILITY = YES;
				GCC_C_LANGUAGE_STANDARD = gnu11;
				GCC_DYNAMIC_NO_PIC = NO;
				GCC_NO_COMMON_BLOCKS = YES;
				GCC_OPTIMIZATION_LEVEL = 0;
				GCC_PREPROCESSOR_DEFINITIONS = (
					"DEBUG=1",
					"$(inherited)",
				);
				GCC_WARN_64_TO_32_BIT_CONVERSION = YES;
				GCC_WARN_ABOUT_RETURN_TYPE = YES_ERROR;
				GCC_WARN_UNDECLARED_SELECTOR = YES;
				GCC_WARN_UNINITIALIZED_AUTOS = YES_AGGRESSIVE;
				GCC_WARN_UNUSED_FUNCTION = YES;
				GCC_WARN_UNUSED_VARIABLE = YES;
				IPHONEOS_DEPLOYMENT_TARGET = 16.2;
				MTL_ENABLE_DEBUG_INFO = INCLUDE_SOURCE;
				MTL_FAST_MATH = YES;
				ONLY_ACTIVE_ARCH = YES;
				SDKROOT = iphoneos;
				SWIFT_ACTIVE_COMPILATION_CONDITIONS = DEBUG;
				SWIFT_OPTIMIZATION_LEVEL = "-Onone";
			};
			name = Debug;
		};
		37B5B31F29BD1D9E002AC80F /* Release */ = {
			isa = XCBuildConfiguration;
			buildSettings = {
				ALWAYS_SEARCH_USER_PATHS = NO;
				CLANG_ANALYZER_NONNULL = YES;
				CLANG_ANALYZER_NUMBER_OBJECT_CONVERSION = YES_AGGRESSIVE;
				CLANG_CXX_LANGUAGE_STANDARD = "gnu++20";
				CLANG_ENABLE_MODULES = YES;
				CLANG_ENABLE_OBJC_ARC = YES;
				CLANG_ENABLE_OBJC_WEAK = YES;
				CLANG_WARN_BLOCK_CAPTURE_AUTORELEASING = YES;
				CLANG_WARN_BOOL_CONVERSION = YES;
				CLANG_WARN_COMMA = YES;
				CLANG_WARN_CONSTANT_CONVERSION = YES;
				CLANG_WARN_DEPRECATED_OBJC_IMPLEMENTATIONS = YES;
				CLANG_WARN_DIRECT_OBJC_ISA_USAGE = YES_ERROR;
				CLANG_WARN_DOCUMENTATION_COMMENTS = YES;
				CLANG_WARN_EMPTY_BODY = YES;
				CLANG_WARN_ENUM_CONVERSION = YES;
				CLANG_WARN_INFINITE_RECURSION = YES;
				CLANG_WARN_INT_CONVERSION = YES;
				CLANG_WARN_NON_LITERAL_NULL_CONVERSION = YES;
				CLANG_WARN_OBJC_IMPLICIT_RETAIN_SELF = YES;
				CLANG_WARN_OBJC_LITERAL_CONVERSION = YES;
				CLANG_WARN_OBJC_ROOT_CLASS = YES_ERROR;
				CLANG_WARN_QUOTED_INCLUDE_IN_FRAMEWORK_HEADER = YES;
				CLANG_WARN_RANGE_LOOP_ANALYSIS = YES;
				CLANG_WARN_STRICT_PROTOTYPES = YES;
				CLANG_WARN_SUSPICIOUS_MOVE = YES;
				CLANG_WARN_UNGUARDED_AVAILABILITY = YES_AGGRESSIVE;
				CLANG_WARN_UNREACHABLE_CODE = YES;
				CLANG_WARN__DUPLICATE_METHOD_MATCH = YES;
				COPY_PHASE_STRIP = NO;
				DEBUG_INFORMATION_FORMAT = "dwarf-with-dsym";
				ENABLE_NS_ASSERTIONS = NO;
				ENABLE_STRICT_OBJC_MSGSEND = YES;
				GCC_C_LANGUAGE_STANDARD = gnu11;
				GCC_NO_COMMON_BLOCKS = YES;
				GCC_WARN_64_TO_32_BIT_CONVERSION = YES;
				GCC_WARN_ABOUT_RETURN_TYPE = YES_ERROR;
				GCC_WARN_UNDECLARED_SELECTOR = YES;
				GCC_WARN_UNINITIALIZED_AUTOS = YES_AGGRESSIVE;
				GCC_WARN_UNUSED_FUNCTION = YES;
				GCC_WARN_UNUSED_VARIABLE = YES;
				IPHONEOS_DEPLOYMENT_TARGET = 16.2;
				MTL_ENABLE_DEBUG_INFO = NO;
				MTL_FAST_MATH = YES;
				SDKROOT = iphoneos;
				SWIFT_COMPILATION_MODE = wholemodule;
				SWIFT_OPTIMIZATION_LEVEL = "-O";
				VALIDATE_PRODUCT = YES;
			};
			name = Release;
		};
		37B5B32129BD1D9E002AC80F /* Debug */ = {
			isa = XCBuildConfiguration;
			buildSettings = {
				ASSETCATALOG_COMPILER_APPICON_NAME = AppIcon;
				ASSETCATALOG_COMPILER_GLOBAL_ACCENT_COLOR_NAME = AccentColor;
				CODE_SIGN_STYLE = Automatic;
				CURRENT_PROJECT_VERSION = 1;
				DEVELOPMENT_ASSET_PATHS = "\"SwiftUiComponentDemo/Preview Content\"";
				DEVELOPMENT_TEAM = 3H4AB28HMB;
				ENABLE_PREVIEWS = YES;
				GENERATE_INFOPLIST_FILE = YES;
				INFOPLIST_KEY_UIApplicationSceneManifest_Generation = YES;
				INFOPLIST_KEY_UIApplicationSupportsIndirectInputEvents = YES;
				INFOPLIST_KEY_UILaunchScreen_Generation = YES;
				INFOPLIST_KEY_UISupportedInterfaceOrientations_iPad = "UIInterfaceOrientationPortrait UIInterfaceOrientationPortraitUpsideDown UIInterfaceOrientationLandscapeLeft UIInterfaceOrientationLandscapeRight";
				INFOPLIST_KEY_UISupportedInterfaceOrientations_iPhone = "UIInterfaceOrientationPortrait UIInterfaceOrientationLandscapeLeft UIInterfaceOrientationLandscapeRight";
				LD_RUNPATH_SEARCH_PATHS = (
					"$(inherited)",
					"@executable_path/Frameworks",
				);
				MARKETING_VERSION = 1.0;
				PRODUCT_BUNDLE_IDENTIFIER = com.project.demo.SwiftUiComponentDemo;
				PRODUCT_NAME = "$(TARGET_NAME)";
				SWIFT_EMIT_LOC_STRINGS = YES;
				SWIFT_VERSION = 5.0;
				TARGETED_DEVICE_FAMILY = "1,2";
			};
			name = Debug;
		};
		37B5B32229BD1D9E002AC80F /* Release */ = {
			isa = XCBuildConfiguration;
			buildSettings = {
				ASSETCATALOG_COMPILER_APPICON_NAME = AppIcon;
				ASSETCATALOG_COMPILER_GLOBAL_ACCENT_COLOR_NAME = AccentColor;
				CODE_SIGN_STYLE = Automatic;
				CURRENT_PROJECT_VERSION = 1;
				DEVELOPMENT_ASSET_PATHS = "\"SwiftUiComponentDemo/Preview Content\"";
				DEVELOPMENT_TEAM = 3H4AB28HMB;
				ENABLE_PREVIEWS = YES;
				GENERATE_INFOPLIST_FILE = YES;
				INFOPLIST_KEY_UIApplicationSceneManifest_Generation = YES;
				INFOPLIST_KEY_UIApplicationSupportsIndirectInputEvents = YES;
				INFOPLIST_KEY_UILaunchScreen_Generation = YES;
				INFOPLIST_KEY_UISupportedInterfaceOrientations_iPad = "UIInterfaceOrientationPortrait UIInterfaceOrientationPortraitUpsideDown UIInterfaceOrientationLandscapeLeft UIInterfaceOrientationLandscapeRight";
				INFOPLIST_KEY_UISupportedInterfaceOrientations_iPhone = "UIInterfaceOrientationPortrait UIInterfaceOrientationLandscapeLeft UIInterfaceOrientationLandscapeRight";
				LD_RUNPATH_SEARCH_PATHS = (
					"$(inherited)",
					"@executable_path/Frameworks",
				);
				MARKETING_VERSION = 1.0;
				PRODUCT_BUNDLE_IDENTIFIER = com.project.demo.SwiftUiComponentDemo;
				PRODUCT_NAME = "$(TARGET_NAME)";
				SWIFT_EMIT_LOC_STRINGS = YES;
				SWIFT_VERSION = 5.0;
				TARGETED_DEVICE_FAMILY = "1,2";
			};
			name = Release;
		};
/* End XCBuildConfiguration section */

/* Begin XCConfigurationList section */
		37B5B30D29BD1D9D002AC80F /* Build configuration list for PBXProject "SwiftUiComponentDemo" */ = {
			isa = XCConfigurationList;
			buildConfigurations = (
				37B5B31E29BD1D9E002AC80F /* Debug */,
				37B5B31F29BD1D9E002AC80F /* Release */,
			);
			defaultConfigurationIsVisible = 0;
			defaultConfigurationName = Release;
		};
		37B5B32029BD1D9E002AC80F /* Build configuration list for PBXNativeTarget "SwiftUiComponentDemo" */ = {
			isa = XCConfigurationList;
			buildConfigurations = (
				37B5B32129BD1D9E002AC80F /* Debug */,
				37B5B32229BD1D9E002AC80F /* Release */,
			);
			defaultConfigurationIsVisible = 0;
			defaultConfigurationName = Release;
		};
/* End XCConfigurationList section */
	};
	rootObject = 37B5B30A29BD1D9D002AC80F /* Project object */;
}
